
Microsoft Visual Studio Solution File, Format Version 12.00
# Visual Studio Version 16
VisualStudioVersion = 16.0.31321.278
MinimumVisualStudioVersion = 10.0.40219.1
Project("{FAE04EC0-301F-11D3-BF4B-00C04F79EFBC}") = "exam_ticket_maker", "exam_ticket_maker\exam_ticket_maker.csproj", "{2C98D8D6-900E-424A-A9F3-12F1A511949A}"
EndProject
Global
	GlobalSection(SolutionConfigurationPlatforms) = preSolution
		Debug|Any CPU = Debug|Any CPU
		Release|Any CPU = Release|Any CPU
	EndGlobalSection
	GlobalSection(ProjectConfigurationPlatforms) = postSolution
		{2C98D8D6-900E-424A-A9F3-12F1A511949A}.Debug|Any CPU.ActiveCfg = Debug|Any CPU
		{2C98D8D6-900E-424A-A9F3-12F1A511949A}.Debug|Any CPU.Build.0 = Debug|Any CPU
		{2C98D8D6-900E-424A-A9F3-12F1A511949A}.Release|Any CPU.ActiveCfg = Release|Any CPU
		{2C98D8D6-900E-424A-A9F3-12F1A511949A}.Release|Any CPU.Build.0 = Release|Any CPU
	EndGlobalSection
	GlobalSection(SolutionProperties) = preSolution
		HideSolutionNode = FALSE
	EndGlobalSection
	GlobalSection(ExtensibilityGlobals) = postSolution
		SolutionGuid = {A658A4B6-CC1A-487D-93DF-2DFA705B1A59}
	EndGlobalSection
EndGlobal
